// !$*UTF8*$!
{
	archiveVersion = 1;
	classes = {
	};
	objectVersion = 46;
	objects = {

/* Begin PBXBuildFile section */
		EB7A21D21A6FF22100C320E7 /* AppDelegate.swift in Sources */ = {isa = PBXBuildFile; fileRef = EB7A21D11A6FF22100C320E7 /* AppDelegate.swift */; };
		EB7A21D41A6FF22100C320E7 /* ViewController.swift in Sources */ = {isa = PBXBuildFile; fileRef = EB7A21D31A6FF22100C320E7 /* ViewController.swift */; };
		EB7A21D71A6FF22100C320E7 /* Main.storyboard in Resources */ = {isa = PBXBuildFile; fileRef = EB7A21D51A6FF22100C320E7 /* Main.storyboard */; };
		EB7A21D91A6FF22100C320E7 /* Images.xcassets in Resources */ = {isa = PBXBuildFile; fileRef = EB7A21D81A6FF22100C320E7 /* Images.xcassets */; };
		EB7A21DC1A6FF22100C320E7 /* LaunchScreen.xib in Resources */ = {isa = PBXBuildFile; fileRef = EB7A21DA1A6FF22100C320E7 /* LaunchScreen.xib */; };
		EB7A21E81A6FF22100C320E7 /* yellowTests.swift in Sources */ = {isa = PBXBuildFile; fileRef = EB7A21E71A6FF22100C320E7 /* yellowTests.swift */; };
		EB7A21F31A7002C700C320E7 /* opencv2.framework in Frameworks */ = {isa = PBXBuildFile; fileRef = EB7A21F21A7002C700C320E7 /* opencv2.framework */; };
		EBB116701A792A400064C00F /* CVWrapper.mm in Sources */ = {isa = PBXBuildFile; fileRef = EBB1166F1A792A400064C00F /* CVWrapper.mm */; };
		EBB116731A7931030064C00F /* UIImageToCV.mm in Sources */ = {isa = PBXBuildFile; fileRef = EBB116721A7931030064C00F /* UIImageToCV.mm */; };
		EBB116771A7937A20064C00F /* stiching.cpp in Sources */ = {isa = PBXBuildFile; fileRef = EBB116761A7937A20064C00F /* stiching.cpp */; };
/* End PBXBuildFile section */

/* Begin PBXContainerItemProxy section */
		EB7A21E21A6FF22100C320E7 /* PBXContainerItemProxy */ = {
			isa = PBXContainerItemProxy;
			containerPortal = EB7A21C41A6FF22100C320E7 /* Project object */;
			proxyType = 1;
			remoteGlobalIDString = EB7A21CB1A6FF22100C320E7;
			remoteInfo = yellow;
		};
/* End PBXContainerItemProxy section */

/* Begin PBXFileReference section */
		EB7A21CC1A6FF22100C320E7 /* yellow.app */ = {isa = PBXFileReference; explicitFileType = wrapper.application; includeInIndex = 0; path = yellow.app; sourceTree = BUILT_PRODUCTS_DIR; };
		EB7A21D01A6FF22100C320E7 /* Info.plist */ = {isa = PBXFileReference; lastKnownFileType = text.plist.xml; path = Info.plist; sourceTree = "<group>"; };
		EB7A21D11A6FF22100C320E7 /* AppDelegate.swift */ = {isa = PBXFileReference; lastKnownFileType = sourcecode.swift; path = AppDelegate.swift; sourceTree = "<group>"; };
		EB7A21D31A6FF22100C320E7 /* ViewController.swift */ = {isa = PBXFileReference; lastKnownFileType = sourcecode.swift; path = ViewController.swift; sourceTree = "<group>"; };
		EB7A21D61A6FF22100C320E7 /* Base */ = {isa = PBXFileReference; lastKnownFileType = file.storyboard; name = Base; path = Base.lproj/Main.storyboard; sourceTree = "<group>"; };
		EB7A21D81A6FF22100C320E7 /* Images.xcassets */ = {isa = PBXFileReference; lastKnownFileType = folder.assetcatalog; path = Images.xcassets; sourceTree = "<group>"; };
		EB7A21DB1A6FF22100C320E7 /* Base */ = {isa = PBXFileReference; lastKnownFileType = file.xib; name = Base; path = Base.lproj/LaunchScreen.xib; sourceTree = "<group>"; };
		EB7A21E11A6FF22100C320E7 /* yellowTests.xctest */ = {isa = PBXFileReference; explicitFileType = wrapper.cfbundle; includeInIndex = 0; path = yellowTests.xctest; sourceTree = BUILT_PRODUCTS_DIR; };
		EB7A21E61A6FF22100C320E7 /* Info.plist */ = {isa = PBXFileReference; lastKnownFileType = text.plist.xml; path = Info.plist; sourceTree = "<group>"; };
		EB7A21E71A6FF22100C320E7 /* yellowTests.swift */ = {isa = PBXFileReference; lastKnownFileType = sourcecode.swift; path = yellowTests.swift; sourceTree = "<group>"; };
		EB7A21F21A7002C700C320E7 /* opencv2.framework */ = {isa = PBXFileReference; lastKnownFileType = wrapper.framework; path = opencv2.framework; sourceTree = "<group>"; };
		EBB1166E1A792A400064C00F /* yellow-Bridging-Header.h */ = {isa = PBXFileReference; lastKnownFileType = sourcecode.c.h; path = "yellow-Bridging-Header.h"; sourceTree = "<group>"; };
		EBB1166F1A792A400064C00F /* CVWrapper.mm */ = {isa = PBXFileReference; fileEncoding = 4; lastKnownFileType = sourcecode.cpp.objcpp; path = CVWrapper.mm; sourceTree = "<group>"; };
		EBB116711A792BBC0064C00F /* CVWrapper.h */ = {isa = PBXFileReference; lastKnownFileType = sourcecode.c.h; path = CVWrapper.h; sourceTree = "<group>"; };
		EBB116721A7931030064C00F /* UIImageToCV.mm */ = {isa = PBXFileReference; fileEncoding = 4; lastKnownFileType = sourcecode.cpp.objcpp; path = UIImageToCV.mm; sourceTree = "<group>"; };
		EBB116741A7931440064C00F /* UIImageToCV.h */ = {isa = PBXFileReference; lastKnownFileType = sourcecode.c.h; path = UIImageToCV.h; sourceTree = "<group>"; };
		EBB116751A7937510064C00F /* stitching.h */ = {isa = PBXFileReference; lastKnownFileType = sourcecode.c.h; path = stitching.h; sourceTree = "<group>"; };
		EBB116761A7937A20064C00F /* stiching.cpp */ = {isa = PBXFileReference; fileEncoding = 4; lastKnownFileType = sourcecode.cpp.cpp; path = stiching.cpp; sourceTree = "<group>"; };
/* End PBXFileReference section */

/* Begin PBXFrameworksBuildPhase section */
		EB7A21C91A6FF22100C320E7 /* Frameworks */ = {
			isa = PBXFrameworksBuildPhase;
			buildActionMask = 2147483647;
			files = (
				EB7A21F31A7002C700C320E7 /* opencv2.framework in Frameworks */,
			);
			runOnlyForDeploymentPostprocessing = 0;
		};
		EB7A21DE1A6FF22100C320E7 /* Frameworks */ = {
			isa = PBXFrameworksBuildPhase;
			buildActionMask = 2147483647;
			files = (
			);
			runOnlyForDeploymentPostprocessing = 0;
		};
/* End PBXFrameworksBuildPhase section */

/* Begin PBXGroup section */
		EB7A21C31A6FF22100C320E7 = {
			isa = PBXGroup;
			children = (
				EB7A21F11A7002C700C320E7 /* frameworks */,
				EB7A21CE1A6FF22100C320E7 /* yellow */,
				EB7A21E41A6FF22100C320E7 /* yellowTests */,
				EB7A21CD1A6FF22100C320E7 /* Products */,
			);
			sourceTree = "<group>";
		};
		EB7A21CD1A6FF22100C320E7 /* Products */ = {
			isa = PBXGroup;
			children = (
				EB7A21CC1A6FF22100C320E7 /* yellow.app */,
				EB7A21E11A6FF22100C320E7 /* yellowTests.xctest */,
			);
			name = Products;
			sourceTree = "<group>";
		};
		EB7A21CE1A6FF22100C320E7 /* yellow */ = {
			isa = PBXGroup;
			children = (
				EB7A21D11A6FF22100C320E7 /* AppDelegate.swift */,
				EB7A21D31A6FF22100C320E7 /* ViewController.swift */,
				EB7A21D51A6FF22100C320E7 /* Main.storyboard */,
				EB7A21D81A6FF22100C320E7 /* Images.xcassets */,
				EB7A21DA1A6FF22100C320E7 /* LaunchScreen.xib */,
				EB7A21CF1A6FF22100C320E7 /* Supporting Files */,
				EBB1166F1A792A400064C00F /* CVWrapper.mm */,
				EBB116751A7937510064C00F /* stitching.h */,
				EBB116761A7937A20064C00F /* stiching.cpp */,
				EBB1166E1A792A400064C00F /* yellow-Bridging-Header.h */,
				EBB116711A792BBC0064C00F /* CVWrapper.h */,
				EBB116721A7931030064C00F /* UIImageToCV.mm */,
				EBB116741A7931440064C00F /* UIImageToCV.h */,
			);
			path = yellow;
			sourceTree = "<group>";
		};
		EB7A21CF1A6FF22100C320E7 /* Supporting Files */ = {
			isa = PBXGroup;
			children = (
				EB7A21D01A6FF22100C320E7 /* Info.plist */,
			);
			name = "Supporting Files";
			sourceTree = "<group>";
		};
		EB7A21E41A6FF22100C320E7 /* yellowTests */ = {
			isa = PBXGroup;
			children = (
				EB7A21E71A6FF22100C320E7 /* yellowTests.swift */,
				EB7A21E51A6FF22100C320E7 /* Supporting Files */,
			);
			path = yellowTests;
			sourceTree = "<group>";
		};
		EB7A21E51A6FF22100C320E7 /* Supporting Files */ = {
			isa = PBXGroup;
			children = (
				EB7A21E61A6FF22100C320E7 /* Info.plist */,
			);
			name = "Supporting Files";
			sourceTree = "<group>";
		};
		EB7A21F11A7002C700C320E7 /* frameworks */ = {
			isa = PBXGroup;
			children = (
				EB7A21F21A7002C700C320E7 /* opencv2.framework */,
			);
			path = frameworks;
			sourceTree = "<group>";
		};
/* End PBXGroup section */

/* Begin PBXNativeTarget section */
		EB7A21CB1A6FF22100C320E7 /* yellow */ = {
			isa = PBXNativeTarget;
			buildConfigurationList = EB7A21EB1A6FF22100C320E7 /* Build configuration list for PBXNativeTarget "yellow" */;
			buildPhases = (
				EB7A21C81A6FF22100C320E7 /* Sources */,
				EB7A21C91A6FF22100C320E7 /* Frameworks */,
				EB7A21CA1A6FF22100C320E7 /* Resources */,
			);
			buildRules = (
			);
			dependencies = (
			);
			name = yellow;
			productName = yellow;
			productReference = EB7A21CC1A6FF22100C320E7 /* yellow.app */;
			productType = "com.apple.product-type.application";
		};
		EB7A21E01A6FF22100C320E7 /* yellowTests */ = {
			isa = PBXNativeTarget;
			buildConfigurationList = EB7A21EE1A6FF22100C320E7 /* Build configuration list for PBXNativeTarget "yellowTests" */;
			buildPhases = (
				EB7A21DD1A6FF22100C320E7 /* Sources */,
				EB7A21DE1A6FF22100C320E7 /* Frameworks */,
				EB7A21DF1A6FF22100C320E7 /* Resources */,
			);
			buildRules = (
			);
			dependencies = (
				EB7A21E31A6FF22100C320E7 /* PBXTargetDependency */,
			);
			name = yellowTests;
			productName = yellowTests;
			productReference = EB7A21E11A6FF22100C320E7 /* yellowTests.xctest */;
			productType = "com.apple.product-type.bundle.unit-test";
		};
/* End PBXNativeTarget section */

/* Begin PBXProject section */
		EB7A21C41A6FF22100C320E7 /* Project object */ = {
			isa = PBXProject;
			attributes = {
				LastUpgradeCheck = 0610;
				ORGANIZATIONNAME = isen;
				TargetAttributes = {
					EB7A21CB1A6FF22100C320E7 = {
						CreatedOnToolsVersion = 6.1.1;
					};
					EB7A21E01A6FF22100C320E7 = {
						CreatedOnToolsVersion = 6.1.1;
						TestTargetID = EB7A21CB1A6FF22100C320E7;
					};
				};
			};
			buildConfigurationList = EB7A21C71A6FF22100C320E7 /* Build configuration list for PBXProject "yellow" */;
			compatibilityVersion = "Xcode 3.2";
			developmentRegion = English;
			hasScannedForEncodings = 0;
			knownRegions = (
				en,
				Base,
			);
			mainGroup = EB7A21C31A6FF22100C320E7;
			productRefGroup = EB7A21CD1A6FF22100C320E7 /* Products */;
			projectDirPath = "";
			projectRoot = "";
			targets = (
				EB7A21CB1A6FF22100C320E7 /* yellow */,
				EB7A21E01A6FF22100C320E7 /* yellowTests */,
			);
		};
/* End PBXProject section */

/* Begin PBXResourcesBuildPhase section */
		EB7A21CA1A6FF22100C320E7 /* Resources */ = {
			isa = PBXResourcesBuildPhase;
			buildActionMask = 2147483647;
			files = (
				EB7A21D71A6FF22100C320E7 /* Main.storyboard in Resources */,
				EB7A21DC1A6FF22100C320E7 /* LaunchScreen.xib in Resources */,
				EB7A21D91A6FF22100C320E7 /* Images.xcassets in Resources */,
			);
			runOnlyForDeploymentPostprocessing = 0;
		};
		EB7A21DF1A6FF22100C320E7 /* Resources */ = {
			isa = PBXResourcesBuildPhase;
			buildActionMask = 2147483647;
			files = (
			);
			runOnlyForDeploymentPostprocessing = 0;
		};
/* End PBXResourcesBuildPhase section */

/* Begin PBXSourcesBuildPhase section */
		EB7A21C81A6FF22100C320E7 /* Sources */ = {
			isa = PBXSourcesBuildPhase;
			buildActionMask = 2147483647;
			files = (
				EB7A21D41A6FF22100C320E7 /* ViewController.swift in Sources */,
				EBB116731A7931030064C00F /* UIImageToCV.mm in Sources */,
				EBB116771A7937A20064C00F /* stiching.cpp in Sources */,
				EBB116701A792A400064C00F /* CVWrapper.mm in Sources */,
				EB7A21D21A6FF22100C320E7 /* AppDelegate.swift in Sources */,
			);
			runOnlyForDeploymentPostprocessing = 0;
		};
		EB7A21DD1A6FF22100C320E7 /* Sources */ = {
			isa = PBXSourcesBuildPhase;
			buildActionMask = 2147483647;
			files = (
				EB7A21E81A6FF22100C320E7 /* yellowTests.swift in Sources */,
			);
			runOnlyForDeploymentPostprocessing = 0;
		};
/* End PBXSourcesBuildPhase section */

/* Begin PBXTargetDependency section */
		EB7A21E31A6FF22100C320E7 /* PBXTargetDependency */ = {
			isa = PBXTargetDependency;
			target = EB7A21CB1A6FF22100C320E7 /* yellow */;
			targetProxy = EB7A21E21A6FF22100C320E7 /* PBXContainerItemProxy */;
		};
/* End PBXTargetDependency section */

/* Begin PBXVariantGroup section */
		EB7A21D51A6FF22100C320E7 /* Main.storyboard */ = {
			isa = PBXVariantGroup;
			children = (
				EB7A21D61A6FF22100C320E7 /* Base */,
			);
			name = Main.storyboard;
			sourceTree = "<group>";
		};
		EB7A21DA1A6FF22100C320E7 /* LaunchScreen.xib */ = {
			isa = PBXVariantGroup;
			children = (
				EB7A21DB1A6FF22100C320E7 /* Base */,
			);
			name = LaunchScreen.xib;
			sourceTree = "<group>";
		};
/* End PBXVariantGroup section */

/* Begin XCBuildConfiguration section */
		EB7A21E91A6FF22100C320E7 /* Debug */ = {
			isa = XCBuildConfiguration;
			buildSettings = {
				ALWAYS_SEARCH_USER_PATHS = NO;
				CLANG_CXX_LANGUAGE_STANDARD = "gnu++0x";
				CLANG_CXX_LIBRARY = "libc++";
				CLANG_ENABLE_MODULES = YES;
				CLANG_ENABLE_OBJC_ARC = YES;
				CLANG_WARN_BOOL_CONVERSION = YES;
				CLANG_WARN_CONSTANT_CONVERSION = YES;
				CLANG_WARN_DIRECT_OBJC_ISA_USAGE = YES_ERROR;
				CLANG_WARN_EMPTY_BODY = YES;
				CLANG_WARN_ENUM_CONVERSION = YES;
				CLANG_WARN_INT_CONVERSION = YES;
				CLANG_WARN_OBJC_ROOT_CLASS = YES_ERROR;
				CLANG_WARN_UNREACHABLE_CODE = YES;
				CLANG_WARN__DUPLICATE_METHOD_MATCH = YES;
				"CODE_SIGN_IDENTITY[sdk=iphoneos*]" = "iPhone Developer";
				COPY_PHASE_STRIP = NO;
				ENABLE_STRICT_OBJC_MSGSEND = YES;
				GCC_C_LANGUAGE_STANDARD = gnu99;
				GCC_DYNAMIC_NO_PIC = NO;
				GCC_OPTIMIZATION_LEVEL = 0;
				GCC_PREPROCESSOR_DEFINITIONS = (
					"DEBUG=1",
					"$(inherited)",
				);
				GCC_SYMBOLS_PRIVATE_EXTERN = NO;
				GCC_WARN_64_TO_32_BIT_CONVERSION = YES;
				GCC_WARN_ABOUT_RETURN_TYPE = YES_ERROR;
				GCC_WARN_UNDECLARED_SELECTOR = YES;
				GCC_WARN_UNINITIALIZED_AUTOS = YES_AGGRESSIVE;
				GCC_WARN_UNUSED_FUNCTION = YES;
				GCC_WARN_UNUSED_VARIABLE = YES;
				IPHONEOS_DEPLOYMENT_TARGET = 8.1;
				MTL_ENABLE_DEBUG_INFO = YES;
				ONLY_ACTIVE_ARCH = YES;
				SDKROOT = iphoneos;
				SWIFT_OPTIMIZATION_LEVEL = "-Onone";
				TARGETED_DEVICE_FAMILY = "1,2";
			};
			name = Debug;
		};
		EB7A21EA1A6FF22100C320E7 /* Release */ = {
			isa = XCBuildConfiguration;
			buildSettings = {
				ALWAYS_SEARCH_USER_PATHS = NO;
				CLANG_CXX_LANGUAGE_STANDARD = "gnu++0x";
				CLANG_CXX_LIBRARY = "libc++";
				CLANG_ENABLE_MODULES = YES;
				CLANG_ENABLE_OBJC_ARC = YES;
				CLANG_WARN_BOOL_CONVERSION = YES;
				CLANG_WARN_CONSTANT_CONVERSION = YES;
				CLANG_WARN_DIRECT_OBJC_ISA_USAGE = YES_ERROR;
				CLANG_WARN_EMPTY_BODY = YES;
				CLANG_WARN_ENUM_CONVERSION = YES;
				CLANG_WARN_INT_CONVERSION = YES;
				CLANG_WARN_OBJC_ROOT_CLASS = YES_ERROR;
				CLANG_WARN_UNREACHABLE_CODE = YES;
				CLANG_WARN__DUPLICATE_METHOD_MATCH = YES;
				"CODE_SIGN_IDENTITY[sdk=iphoneos*]" = "iPhone Developer";
				COPY_PHASE_STRIP = YES;
				ENABLE_NS_ASSERTIONS = NO;
				ENABLE_STRICT_OBJC_MSGSEND = YES;
				GCC_C_LANGUAGE_STANDARD = gnu99;
				GCC_WARN_64_TO_32_BIT_CONVERSION = YES;
				GCC_WARN_ABOUT_RETURN_TYPE = YES_ERROR;
				GCC_WARN_UNDECLARED_SELECTOR = YES;
				GCC_WARN_UNINITIALIZED_AUTOS = YES_AGGRESSIVE;
				GCC_WARN_UNUSED_FUNCTION = YES;
				GCC_WARN_UNUSED_VARIABLE = YES;
				IPHONEOS_DEPLOYMENT_TARGET = 8.1;
				MTL_ENABLE_DEBUG_INFO = NO;
				SDKROOT = iphoneos;
				TARGETED_DEVICE_FAMILY = "1,2";
				VALIDATE_PRODUCT = YES;
			};
			name = Release;
		};
		EB7A21EC1A6FF22100C320E7 /* Debug */ = {
			isa = XCBuildConfiguration;
			buildSettings = {
				ASSETCATALOG_COMPILER_APPICON_NAME = AppIcon;
				CLANG_ENABLE_MODULES = YES;
				FRAMEWORK_SEARCH_PATHS = (
					"$(inherited)",
					"$(PROJECT_DIR)/frameworks",
				);
				INFOPLIST_FILE = yellow/Info.plist;
				LD_RUNPATH_SEARCH_PATHS = "$(inherited) @executable_path/Frameworks";
				PRODUCT_NAME = "$(TARGET_NAME)";
				SWIFT_OBJC_BRIDGING_HEADER = "yellow/yellow-Bridging-Header.h";
				SWIFT_OPTIMIZATION_LEVEL = "-Onone";
			};
			name = Debug;
		};
		EB7A21ED1A6FF22100C320E7 /* Release */ = {
			isa = XCBuildConfiguration;
			buildSettings = {
				ASSETCATALOG_COMPILER_APPICON_NAME = AppIcon;
				CLANG_ENABLE_MODULES = YES;
				FRAMEWORK_SEARCH_PATHS = (
					"$(inherited)",
					"$(PROJECT_DIR)/frameworks",
				);
				INFOPLIST_FILE = yellow/Info.plist;
				LD_RUNPATH_SEARCH_PATHS = "$(inherited) @executable_path/Frameworks";
				PRODUCT_NAME = "$(TARGET_NAME)";
				SWIFT_OBJC_BRIDGING_HEADER = "yellow/yellow-Bridging-Header.h";
			};
			name = Release;
		};
		EB7A21EF1A6FF22100C320E7 /* Debug */ = {
			isa = XCBuildConfiguration;
			buildSettings = {
				BUNDLE_LOADER = "$(TEST_HOST)";
				FRAMEWORK_SEARCH_PATHS = (
					"$(SDKROOT)/Developer/Library/Frameworks",
					"$(inherited)",
				);
				GCC_PREPROCESSOR_DEFINITIONS = (
					"DEBUG=1",
					"$(inherited)",
				);
				INFOPLIST_FILE = yellowTests/Info.plist;
				LD_RUNPATH_SEARCH_PATHS = "$(inherited) @executable_path/Frameworks @loader_path/Frameworks";
				PRODUCT_NAME = "$(TARGET_NAME)";
				TEST_HOST = "$(BUILT_PRODUCTS_DIR)/yellow.app/yellow";
			};
			name = Debug;
		};
		EB7A21F01A6FF22100C320E7 /* Release */ = {
			isa = XCBuildConfiguration;
			buildSettings = {
				BUNDLE_LOADER = "$(TEST_HOST)";
				FRAMEWORK_SEARCH_PATHS = (
					"$(SDKROOT)/Developer/Library/Frameworks",
					"$(inherited)",
				);
				INFOPLIST_FILE = yellowTests/Info.plist;
				LD_RUNPATH_SEARCH_PATHS = "$(inherited) @executable_path/Frameworks @loader_path/Frameworks";
				PRODUCT_NAME = "$(TARGET_NAME)";
				TEST_HOST = "$(BUILT_PRODUCTS_DIR)/yellow.app/yellow";
			};
			name = Release;
		};
/* End XCBuildConfiguration section */

/* Begin XCConfigurationList section */
		EB7A21C71A6FF22100C320E7 /* Build configuration list for PBXProject "yellow" */ = {
			isa = XCConfigurationList;
			buildConfigurations = (
				EB7A21E91A6FF22100C320E7 /* Debug */,
				EB7A21EA1A6FF22100C320E7 /* Release */,
			);
			defaultConfigurationIsVisible = 0;
			defaultConfigurationName = Release;
		};
		EB7A21EB1A6FF22100C320E7 /* Build configuration list for PBXNativeTarget "yellow" */ = {
			isa = XCConfigurationList;
			buildConfigurations = (
				EB7A21EC1A6FF22100C320E7 /* Debug */,
				EB7A21ED1A6FF22100C320E7 /* Release */,
			);
			defaultConfigurationIsVisible = 0;
			defaultConfigurationName = Release;
		};
		EB7A21EE1A6FF22100C320E7 /* Build configuration list for PBXNativeTarget "yellowTests" */ = {
			isa = XCConfigurationList;
			buildConfigurations = (
				EB7A21EF1A6FF22100C320E7 /* Debug */,
				EB7A21F01A6FF22100C320E7 /* Release */,
			);
			defaultConfigurationIsVisible = 0;
			defaultConfigurationName = Release;
		};
/* End XCConfigurationList section */
	};
	rootObject = EB7A21C41A6FF22100C320E7 /* Project object */;
}
